{
  "name": "Aerial",
  "version": "1.0.0",
  "lockfileVersion": 3,
  "requires": true,
  "packages": {
    "": {
      "name": "Aerial",
      "version": "1.0.0",
      "devDependencies": {
        "@figma/plugin-typings": "^1.88.0",
        "typescript": "*"
      }
    },
    "node_modules/@figma/plugin-typings": {
      "version": "1.88.0",
      "resolved": "https://registry.npmjs.org/@figma/plugin-typings/-/plugin-typings-1.88.0.tgz",
      "integrity": "sha512-ly9amJtPqlR48FZB0iKfyeCSo4O0QJhOfX+YYS/xEq0zoJzNETJLLQ43k93BS2W/N/BOVzgEjyAvC1WeuwFbdA==",
      "dev": true
    },
    "node_modules/typescript": {
      "version": "5.4.3",
      "resolved": "https://registry.npmjs.org/typescript/-/typescript-5.4.3.tgz",
      "integrity": "sha512-KrPd3PKaCLr78MalgiwJnA25Nm8HAmdwN3mYUYZgG/wizIo9EainNVQI9/yDavtVFRN2h3k8uf3GLHuhDMgEHg==",
      "dev": true,
      "bin": {
        "tsc": "bin/tsc",
        "tsserver": "bin/tsserver"
      },
      "engines": {
        "node": ">=14.17"
      }
    }
  }
}
